
Microsoft Visual Studio Solution File, Format Version 12.00
# Visual Studio 2012
Project("{8BC9CEB8-8B4A-11D0-8D11-00A0C91BC942}") = "SimpleOpenMP", "SimpleOpenMP\SimpleOpenMP.vcxproj", "{2B0A2D21-7A97-472D-8EEF-59ED3C4BD32C}"
EndProject
Global
	GlobalSection(SolutionConfigurationPlatforms) = preSolution
		Debug|Win32 = Debug|Win32
		Release|Win32 = Release|Win32
	EndGlobalSection
	GlobalSection(ProjectConfigurationPlatforms) = postSolution
		{2B0A2D21-7A97-472D-8EEF-59ED3C4BD32C}.Debug|Win32.ActiveCfg = Debug|Win32
		{2B0A2D21-7A97-472D-8EEF-59ED3C4BD32C}.Debug|Win32.Build.0 = Debug|Win32
		{2B0A2D21-7A97-472D-8EEF-59ED3C4BD32C}.Release|Win32.ActiveCfg = Release|Win32
		{2B0A2D21-7A97-472D-8EEF-59ED3C4BD32C}.Release|Win32.Build.0 = Release|Win32
	EndGlobalSection
	GlobalSection(SolutionProperties) = preSolution
		HideSolutionNode = FALSE
	EndGlobalSection
EndGlobal
